
Microsoft Visual Studio Solution File, Format Version 12.00
# Visual Studio Version 17
VisualStudioVersion = 17.1.32210.238
MinimumVisualStudioVersion = 10.0.40219.1
Project("{FAE04EC0-301F-11D3-BF4B-00C04F79EFBC}") = "BitLab3", "BitLab3\BitLab3.csproj", "{1CB357B7-0C6F-4FB1-A78C-418BDF4F8BAE}"
EndProject
Global
	GlobalSection(SolutionConfigurationPlatforms) = preSolution
		Debug|Any CPU = Debug|Any CPU
		Release|Any CPU = Release|Any CPU
	EndGlobalSection
	GlobalSection(ProjectConfigurationPlatforms) = postSolution
		{1CB357B7-0C6F-4FB1-A78C-418BDF4F8BAE}.Debug|Any CPU.ActiveCfg = Debug|Any CPU
		{1CB357B7-0C6F-4FB1-A78C-418BDF4F8BAE}.Debug|Any CPU.Build.0 = Debug|Any CPU
		{1CB357B7-0C6F-4FB1-A78C-418BDF4F8BAE}.Release|Any CPU.ActiveCfg = Release|Any CPU
		{1CB357B7-0C6F-4FB1-A78C-418BDF4F8BAE}.Release|Any CPU.Build.0 = Release|Any CPU
	EndGlobalSection
	GlobalSection(SolutionProperties) = preSolution
		HideSolutionNode = FALSE
	EndGlobalSection
	GlobalSection(ExtensibilityGlobals) = postSolution
		SolutionGuid = {39B9E08B-5F21-4BAF-8A4C-4E7469F6C872}
	EndGlobalSection
EndGlobal
